
Microsoft Visual Studio Solution File, Format Version 12.00
# Visual Studio Version 17
VisualStudioVersion = 17.7.34024.191
MinimumVisualStudioVersion = 10.0.40219.1
Project("{FAE04EC0-301F-11D3-BF4B-00C04F79EFBC}") = "Ex03", "Ex03\Ex03.csproj", "{27C4FC50-3575-4280-BE6E-F5777474568B}"
EndProject
Global
	GlobalSection(SolutionConfigurationPlatforms) = preSolution
		Debug|Any CPU = Debug|Any CPU
		Release|Any CPU = Release|Any CPU
	EndGlobalSection
	GlobalSection(ProjectConfigurationPlatforms) = postSolution
		{27C4FC50-3575-4280-BE6E-F5777474568B}.Debug|Any CPU.ActiveCfg = Debug|Any CPU
		{27C4FC50-3575-4280-BE6E-F5777474568B}.Debug|Any CPU.Build.0 = Debug|Any CPU
		{27C4FC50-3575-4280-BE6E-F5777474568B}.Release|Any CPU.ActiveCfg = Release|Any CPU
		{27C4FC50-3575-4280-BE6E-F5777474568B}.Release|Any CPU.Build.0 = Release|Any CPU
	EndGlobalSection
	GlobalSection(SolutionProperties) = preSolution
		HideSolutionNode = FALSE
	EndGlobalSection
	GlobalSection(ExtensibilityGlobals) = postSolution
		SolutionGuid = {C51FF8C7-11DC-459B-BC1A-8F6DB9F20CF0}
	EndGlobalSection
EndGlobal
