
Microsoft Visual Studio Solution File, Format Version 12.00
# Visual Studio Version 17
VisualStudioVersion = 17.7.34024.191
MinimumVisualStudioVersion = 10.0.40219.1
Project("{FAE04EC0-301F-11D3-BF4B-00C04F79EFBC}") = "Ex06", "Ex06\Ex06.csproj", "{3197D08C-83B1-44F8-9AFF-B6F3C6CB76BE}"
EndProject
Global
	GlobalSection(SolutionConfigurationPlatforms) = preSolution
		Debug|Any CPU = Debug|Any CPU
		Release|Any CPU = Release|Any CPU
	EndGlobalSection
	GlobalSection(ProjectConfigurationPlatforms) = postSolution
		{3197D08C-83B1-44F8-9AFF-B6F3C6CB76BE}.Debug|Any CPU.ActiveCfg = Debug|Any CPU
		{3197D08C-83B1-44F8-9AFF-B6F3C6CB76BE}.Debug|Any CPU.Build.0 = Debug|Any CPU
		{3197D08C-83B1-44F8-9AFF-B6F3C6CB76BE}.Release|Any CPU.ActiveCfg = Release|Any CPU
		{3197D08C-83B1-44F8-9AFF-B6F3C6CB76BE}.Release|Any CPU.Build.0 = Release|Any CPU
	EndGlobalSection
	GlobalSection(SolutionProperties) = preSolution
		HideSolutionNode = FALSE
	EndGlobalSection
	GlobalSection(ExtensibilityGlobals) = postSolution
		SolutionGuid = {60778C48-D6F3-4A1F-BF4E-E7E356D817CA}
	EndGlobalSection
EndGlobal
